
Microsoft Visual Studio Solution File, Format Version 12.00
# Visual Studio Version 17
VisualStudioVersion = 17.4.33103.184
MinimumVisualStudioVersion = 10.0.40219.1
Project("{9A19103F-16F7-4668-BE54-9A1E7A4F7556}") = "_VC", "_VC\_VC.csproj", "{B8A2180A-2463-47A8-8148-C52560E45BA0}"
EndProject
Project("{2150E333-8FDC-42A3-9474-1A3956D46DE8}") = "src", "src", "{1BE43E49-C346-4D04-BD93-2DEABABD7007}"
EndProject
Project("{2150E333-8FDC-42A3-9474-1A3956D46DE8}") = "test", "test", "{673542ED-EF71-4903-84A8-C8597305CCB9}"
EndProject
Project("{2150E333-8FDC-42A3-9474-1A3956D46DE8}") = "Api", "Api", "{6DDECE3F-55F0-46E0-9CB0-C6F9AF96CFFD}"
EndProject
Project("{2150E333-8FDC-42A3-9474-1A3956D46DE8}") = "Core", "Core", "{22C4D75B-87AB-4331-ABC3-F41AD373CA04}"
EndProject
Project("{2150E333-8FDC-42A3-9474-1A3956D46DE8}") = "Infrastructure", "Infrastructure", "{87A5F48A-844B-4DE2-86CA-4DDB8D38E029}"
EndProject
Project("{FAE04EC0-301F-11D3-BF4B-00C04F79EFBC}") = "_VC.Application", "_VC.Application\_VC.Application.csproj", "{F8DD7BB8-0DAC-47C3-98E9-F2F124269CA6}"
EndProject
Project("{FAE04EC0-301F-11D3-BF4B-00C04F79EFBC}") = "_VC.Domain", "_VC.Domain\_VC.Domain.csproj", "{F58B7C37-E6F8-44AB-B71E-0D0933017106}"
EndProject
Project("{FAE04EC0-301F-11D3-BF4B-00C04F79EFBC}") = "_VC.Persistance", "_VC.Persistance\_VC.Persistance.csproj", "{3EBF9D49-65A9-4CCA-93DB-CFC6387206D9}"
EndProject
Project("{2150E333-8FDC-42A3-9474-1A3956D46DE8}") = "MVC", "MVC", "{F789A8B2-26E8-4A1D-A42D-A406255EABA0}"
EndProject
Global
	GlobalSection(SolutionConfigurationPlatforms) = preSolution
		Debug|Any CPU = Debug|Any CPU
		Release|Any CPU = Release|Any CPU
	EndGlobalSection
	GlobalSection(ProjectConfigurationPlatforms) = postSolution
		{B8A2180A-2463-47A8-8148-C52560E45BA0}.Debug|Any CPU.ActiveCfg = Debug|Any CPU
		{B8A2180A-2463-47A8-8148-C52560E45BA0}.Debug|Any CPU.Build.0 = Debug|Any CPU
		{B8A2180A-2463-47A8-8148-C52560E45BA0}.Release|Any CPU.ActiveCfg = Release|Any CPU
		{B8A2180A-2463-47A8-8148-C52560E45BA0}.Release|Any CPU.Build.0 = Release|Any CPU
		{F8DD7BB8-0DAC-47C3-98E9-F2F124269CA6}.Debug|Any CPU.ActiveCfg = Debug|Any CPU
		{F8DD7BB8-0DAC-47C3-98E9-F2F124269CA6}.Debug|Any CPU.Build.0 = Debug|Any CPU
		{F8DD7BB8-0DAC-47C3-98E9-F2F124269CA6}.Release|Any CPU.ActiveCfg = Release|Any CPU
		{F8DD7BB8-0DAC-47C3-98E9-F2F124269CA6}.Release|Any CPU.Build.0 = Release|Any CPU
		{F58B7C37-E6F8-44AB-B71E-0D0933017106}.Debug|Any CPU.ActiveCfg = Debug|Any CPU
		{F58B7C37-E6F8-44AB-B71E-0D0933017106}.Debug|Any CPU.Build.0 = Debug|Any CPU
		{F58B7C37-E6F8-44AB-B71E-0D0933017106}.Release|Any CPU.ActiveCfg = Release|Any CPU
		{F58B7C37-E6F8-44AB-B71E-0D0933017106}.Release|Any CPU.Build.0 = Release|Any CPU
		{3EBF9D49-65A9-4CCA-93DB-CFC6387206D9}.Debug|Any CPU.ActiveCfg = Debug|Any CPU
		{3EBF9D49-65A9-4CCA-93DB-CFC6387206D9}.Debug|Any CPU.Build.0 = Debug|Any CPU
		{3EBF9D49-65A9-4CCA-93DB-CFC6387206D9}.Release|Any CPU.ActiveCfg = Release|Any CPU
		{3EBF9D49-65A9-4CCA-93DB-CFC6387206D9}.Release|Any CPU.Build.0 = Release|Any CPU
	EndGlobalSection
	GlobalSection(SolutionProperties) = preSolution
		HideSolutionNode = FALSE
	EndGlobalSection
	GlobalSection(NestedProjects) = preSolution
		{B8A2180A-2463-47A8-8148-C52560E45BA0} = {6DDECE3F-55F0-46E0-9CB0-C6F9AF96CFFD}
		{6DDECE3F-55F0-46E0-9CB0-C6F9AF96CFFD} = {1BE43E49-C346-4D04-BD93-2DEABABD7007}
		{22C4D75B-87AB-4331-ABC3-F41AD373CA04} = {1BE43E49-C346-4D04-BD93-2DEABABD7007}
		{87A5F48A-844B-4DE2-86CA-4DDB8D38E029} = {1BE43E49-C346-4D04-BD93-2DEABABD7007}
		{F8DD7BB8-0DAC-47C3-98E9-F2F124269CA6} = {22C4D75B-87AB-4331-ABC3-F41AD373CA04}
		{F58B7C37-E6F8-44AB-B71E-0D0933017106} = {22C4D75B-87AB-4331-ABC3-F41AD373CA04}
		{3EBF9D49-65A9-4CCA-93DB-CFC6387206D9} = {87A5F48A-844B-4DE2-86CA-4DDB8D38E029}
		{F789A8B2-26E8-4A1D-A42D-A406255EABA0} = {1BE43E49-C346-4D04-BD93-2DEABABD7007}
	EndGlobalSection
	GlobalSection(ExtensibilityGlobals) = postSolution
		SolutionGuid = {F146906C-3D94-4255-9623-8D4FDD55BFE7}
	EndGlobalSection
EndGlobal
